
Microsoft Visual Studio Solution File, Format Version 11.00
# Visual Studio 2010
Project("{FAE04EC0-301F-11D3-BF4B-00C04F79EFBC}") = "buildTabla2", "buildTabla2\buildTabla2.csproj", "{A52BBCB0-D300-4E39-8627-47FCF9ACB651}"
EndProject
Project("{FAE04EC0-301F-11D3-BF4B-00C04F79EFBC}") = "TestCredito", "TestCredito\TestCredito.csproj", "{FBB6FFD7-9754-435C-8D39-292250AF1FDB}"
EndProject
Global
	GlobalSection(SolutionConfigurationPlatforms) = preSolution
		Debug|Any CPU = Debug|Any CPU
		Release|Any CPU = Release|Any CPU
	EndGlobalSection
	GlobalSection(ProjectConfigurationPlatforms) = postSolution
		{A52BBCB0-D300-4E39-8627-47FCF9ACB651}.Debug|Any CPU.ActiveCfg = Debug|Any CPU
		{A52BBCB0-D300-4E39-8627-47FCF9ACB651}.Debug|Any CPU.Build.0 = Debug|Any CPU
		{A52BBCB0-D300-4E39-8627-47FCF9ACB651}.Release|Any CPU.ActiveCfg = Release|Any CPU
		{A52BBCB0-D300-4E39-8627-47FCF9ACB651}.Release|Any CPU.Build.0 = Release|Any CPU
		{FBB6FFD7-9754-435C-8D39-292250AF1FDB}.Debug|Any CPU.ActiveCfg = Debug|Any CPU
		{FBB6FFD7-9754-435C-8D39-292250AF1FDB}.Debug|Any CPU.Build.0 = Debug|Any CPU
		{FBB6FFD7-9754-435C-8D39-292250AF1FDB}.Release|Any CPU.ActiveCfg = Release|Any CPU
		{FBB6FFD7-9754-435C-8D39-292250AF1FDB}.Release|Any CPU.Build.0 = Release|Any CPU
	EndGlobalSection
	GlobalSection(SolutionProperties) = preSolution
		HideSolutionNode = FALSE
	EndGlobalSection
EndGlobal
